// !$*UTF8*$!
{
	archiveVersion = 1;
	classes = {
	};
	objectVersion = 46;
	objects = {

/* Begin PBXBuildFile section */
		6A292EE31E79E52000A1BDFB /* SectionsController.swift in Sources */ = {isa = PBXBuildFile; fileRef = 6A292EE21E79E52000A1BDFB /* SectionsController.swift */; };
		6A292EE51E79F73400A1BDFB /* SectionsCell.swift in Sources */ = {isa = PBXBuildFile; fileRef = 6A292EE41E79F73400A1BDFB /* SectionsCell.swift */; };
		6A2C7A6B1E7ED05700E3FB0C /* viewerController.swift in Sources */ = {isa = PBXBuildFile; fileRef = 6A2C7A6A1E7ED05700E3FB0C /* viewerController.swift */; };
		6A3599D41E7D6CD400D313DE /* TabBarController.swift in Sources */ = {isa = PBXBuildFile; fileRef = 6A3599D31E7D6CD400D313DE /* TabBarController.swift */; };
		6A3599D61E7D6FE900D313DE /* NewsController.swift in Sources */ = {isa = PBXBuildFile; fileRef = 6A3599D51E7D6FE900D313DE /* NewsController.swift */; };
		6A3599D81E7D700200D313DE /* TopController.swift in Sources */ = {isa = PBXBuildFile; fileRef = 6A3599D71E7D700200D313DE /* TopController.swift */; };
		6A3599DE1E7D7DB400D313DE /* Extension+Protocoles.swift in Sources */ = {isa = PBXBuildFile; fileRef = 6A3599DD1E7D7DB400D313DE /* Extension+Protocoles.swift */; };
		6A3599E01E7D856D00D313DE /* PlugsController.swift in Sources */ = {isa = PBXBuildFile; fileRef = 6A3599DF1E7D856D00D313DE /* PlugsController.swift */; };
		6A3599E21E7D88D300D313DE /* PlugsCell.swift in Sources */ = {isa = PBXBuildFile; fileRef = 6A3599E11E7D88D300D313DE /* PlugsCell.swift */; };
		6A3599E41E7DA6C100D313DE /* Structures.swift in Sources */ = {isa = PBXBuildFile; fileRef = 6A3599E31E7DA6C100D313DE /* Structures.swift */; };
		6A3599E61E7DC65C00D313DE /* addPlugController.swift in Sources */ = {isa = PBXBuildFile; fileRef = 6A3599E51E7DC65C00D313DE /* addPlugController.swift */; };
		6A75D64E1E75655100AD92C5 /* AppDelegate.swift in Sources */ = {isa = PBXBuildFile; fileRef = 6A75D64D1E75655100AD92C5 /* AppDelegate.swift */; };
		6A75D6551E75655100AD92C5 /* Assets.xcassets in Resources */ = {isa = PBXBuildFile; fileRef = 6A75D6541E75655100AD92C5 /* Assets.xcassets */; };
		6A75D6581E75655100AD92C5 /* LaunchScreen.storyboard in Resources */ = {isa = PBXBuildFile; fileRef = 6A75D6561E75655100AD92C5 /* LaunchScreen.storyboard */; };
		6A952B0D1E7B0524004FAE96 /* addTheme+SectionController.swift in Sources */ = {isa = PBXBuildFile; fileRef = 6A952B0C1E7B0524004FAE96 /* addTheme+SectionController.swift */; };
		6A952B0F1E7B0871004FAE96 /* myViews.swift in Sources */ = {isa = PBXBuildFile; fileRef = 6A952B0E1E7B0871004FAE96 /* myViews.swift */; };
		6AE2972B1E7864D30057F6EE /* HomeController.swift in Sources */ = {isa = PBXBuildFile; fileRef = 6AE2972A1E7864D30057F6EE /* HomeController.swift */; };
		6AFA8F501E789959001A84D3 /* ThemeCell.swift in Sources */ = {isa = PBXBuildFile; fileRef = 6AFA8F4F1E789959001A84D3 /* ThemeCell.swift */; };
/* End PBXBuildFile section */

/* Begin PBXFileReference section */
		6A292EE21E79E52000A1BDFB /* SectionsController.swift */ = {isa = PBXFileReference; fileEncoding = 4; lastKnownFileType = sourcecode.swift; path = SectionsController.swift; sourceTree = "<group>"; };
		6A292EE41E79F73400A1BDFB /* SectionsCell.swift */ = {isa = PBXFileReference; fileEncoding = 4; lastKnownFileType = sourcecode.swift; path = SectionsCell.swift; sourceTree = "<group>"; };
		6A2C7A6A1E7ED05700E3FB0C /* viewerController.swift */ = {isa = PBXFileReference; fileEncoding = 4; lastKnownFileType = sourcecode.swift; path = viewerController.swift; sourceTree = "<group>"; };
		6A3599D31E7D6CD400D313DE /* TabBarController.swift */ = {isa = PBXFileReference; fileEncoding = 4; lastKnownFileType = sourcecode.swift; path = TabBarController.swift; sourceTree = "<group>"; };
		6A3599D51E7D6FE900D313DE /* NewsController.swift */ = {isa = PBXFileReference; fileEncoding = 4; lastKnownFileType = sourcecode.swift; path = NewsController.swift; sourceTree = "<group>"; };
		6A3599D71E7D700200D313DE /* TopController.swift */ = {isa = PBXFileReference; fileEncoding = 4; lastKnownFileType = sourcecode.swift; path = TopController.swift; sourceTree = "<group>"; };
		6A3599DD1E7D7DB400D313DE /* Extension+Protocoles.swift */ = {isa = PBXFileReference; fileEncoding = 4; lastKnownFileType = sourcecode.swift; path = "Extension+Protocoles.swift"; sourceTree = "<group>"; };
		6A3599DF1E7D856D00D313DE /* PlugsController.swift */ = {isa = PBXFileReference; fileEncoding = 4; lastKnownFileType = sourcecode.swift; path = PlugsController.swift; sourceTree = "<group>"; };
		6A3599E11E7D88D300D313DE /* PlugsCell.swift */ = {isa = PBXFileReference; fileEncoding = 4; lastKnownFileType = sourcecode.swift; path = PlugsCell.swift; sourceTree = "<group>"; };
		6A3599E31E7DA6C100D313DE /* Structures.swift */ = {isa = PBXFileReference; fileEncoding = 4; lastKnownFileType = sourcecode.swift; path = Structures.swift; sourceTree = "<group>"; };
		6A3599E51E7DC65C00D313DE /* addPlugController.swift */ = {isa = PBXFileReference; fileEncoding = 4; lastKnownFileType = sourcecode.swift; path = addPlugController.swift; sourceTree = "<group>"; };
		6A75D64A1E75655100AD92C5 /* Plugee.app */ = {isa = PBXFileReference; explicitFileType = wrapper.application; includeInIndex = 0; path = Plugee.app; sourceTree = BUILT_PRODUCTS_DIR; };
		6A75D64D1E75655100AD92C5 /* AppDelegate.swift */ = {isa = PBXFileReference; lastKnownFileType = sourcecode.swift; path = AppDelegate.swift; sourceTree = "<group>"; };
		6A75D6541E75655100AD92C5 /* Assets.xcassets */ = {isa = PBXFileReference; lastKnownFileType = folder.assetcatalog; path = Assets.xcassets; sourceTree = "<group>"; };
		6A75D6571E75655100AD92C5 /* Base */ = {isa = PBXFileReference; lastKnownFileType = file.storyboard; name = Base; path = Base.lproj/LaunchScreen.storyboard; sourceTree = "<group>"; };
		6A75D6591E75655100AD92C5 /* Info.plist */ = {isa = PBXFileReference; lastKnownFileType = text.plist.xml; path = Info.plist; sourceTree = "<group>"; };
		6A952B0C1E7B0524004FAE96 /* addTheme+SectionController.swift */ = {isa = PBXFileReference; fileEncoding = 4; lastKnownFileType = sourcecode.swift; path = "addTheme+SectionController.swift"; sourceTree = "<group>"; };
		6A952B0E1E7B0871004FAE96 /* myViews.swift */ = {isa = PBXFileReference; fileEncoding = 4; lastKnownFileType = sourcecode.swift; path = myViews.swift; sourceTree = "<group>"; };
		6AE2972A1E7864D30057F6EE /* HomeController.swift */ = {isa = PBXFileReference; fileEncoding = 4; lastKnownFileType = sourcecode.swift; path = HomeController.swift; sourceTree = "<group>"; };
		6AFA8F4F1E789959001A84D3 /* ThemeCell.swift */ = {isa = PBXFileReference; fileEncoding = 4; lastKnownFileType = sourcecode.swift; path = ThemeCell.swift; sourceTree = "<group>"; };
/* End PBXFileReference section */

/* Begin PBXFrameworksBuildPhase section */
		6A75D6471E75655100AD92C5 /* Frameworks */ = {
			isa = PBXFrameworksBuildPhase;
			buildActionMask = 2147483647;
			files = (
			);
			runOnlyForDeploymentPostprocessing = 0;
		};
/* End PBXFrameworksBuildPhase section */

/* Begin PBXGroup section */
		6A3599D91E7D75B600D313DE /* Plugs */ = {
			isa = PBXGroup;
			children = (
				6AE2972A1E7864D30057F6EE /* HomeController.swift */,
				6A292EE21E79E52000A1BDFB /* SectionsController.swift */,
				6A3599DF1E7D856D00D313DE /* PlugsController.swift */,
				6A3599E51E7DC65C00D313DE /* addPlugController.swift */,
				6A952B0C1E7B0524004FAE96 /* addTheme+SectionController.swift */,
			);
			name = Plugs;
			sourceTree = "<group>";
		};
		6A3599DA1E7D75C300D313DE /* News */ = {
			isa = PBXGroup;
			children = (
				6A3599D51E7D6FE900D313DE /* NewsController.swift */,
			);
			name = News;
			sourceTree = "<group>";
		};
		6A3599DC1E7D75D500D313DE /* Top */ = {
			isa = PBXGroup;
			children = (
				6A3599D71E7D700200D313DE /* TopController.swift */,
			);
			name = Top;
			sourceTree = "<group>";
		};
		6A75D6411E75655100AD92C5 = {
			isa = PBXGroup;
			children = (
				6A75D64C1E75655100AD92C5 /* Plugee */,
				6A75D64B1E75655100AD92C5 /* Products */,
			);
			sourceTree = "<group>";
		};
		6A75D64B1E75655100AD92C5 /* Products */ = {
			isa = PBXGroup;
			children = (
				6A75D64A1E75655100AD92C5 /* Plugee.app */,
			);
			name = Products;
			sourceTree = "<group>";
		};
		6A75D64C1E75655100AD92C5 /* Plugee */ = {
			isa = PBXGroup;
			children = (
				6A75D64D1E75655100AD92C5 /* AppDelegate.swift */,
				6A75D6541E75655100AD92C5 /* Assets.xcassets */,
				6AFA8F551E789988001A84D3 /* Controllers */,
				6AFA8F541E789982001A84D3 /* Views */,
				6AFA8F521E789977001A84D3 /* Models */,
				6A75D6561E75655100AD92C5 /* LaunchScreen.storyboard */,
				6A75D6591E75655100AD92C5 /* Info.plist */,
			);
			path = Plugee;
			sourceTree = "<group>";
		};
		6AFA8F521E789977001A84D3 /* Models */ = {
			isa = PBXGroup;
			children = (
				6A3599E31E7DA6C100D313DE /* Structures.swift */,
				6A3599DD1E7D7DB400D313DE /* Extension+Protocoles.swift */,
			);
			name = Models;
			sourceTree = "<group>";
		};
		6AFA8F541E789982001A84D3 /* Views */ = {
			isa = PBXGroup;
			children = (
				6A952B0E1E7B0871004FAE96 /* myViews.swift */,
				6AFA8F4F1E789959001A84D3 /* ThemeCell.swift */,
				6A3599E11E7D88D300D313DE /* PlugsCell.swift */,
				6A292EE41E79F73400A1BDFB /* SectionsCell.swift */,
			);
			name = Views;
			sourceTree = "<group>";
		};
		6AFA8F551E789988001A84D3 /* Controllers */ = {
			isa = PBXGroup;
			children = (
				6A3599DA1E7D75C300D313DE /* News */,
				6A3599D91E7D75B600D313DE /* Plugs */,
				6A3599DC1E7D75D500D313DE /* Top */,
				6A3599D31E7D6CD400D313DE /* TabBarController.swift */,
				6A2C7A6A1E7ED05700E3FB0C /* viewerController.swift */,
			);
			name = Controllers;
			sourceTree = "<group>";
		};
/* End PBXGroup section */

/* Begin PBXNativeTarget section */
		6A75D6491E75655100AD92C5 /* Plugee */ = {
			isa = PBXNativeTarget;
			buildConfigurationList = 6A75D65C1E75655100AD92C5 /* Build configuration list for PBXNativeTarget "Plugee" */;
			buildPhases = (
				6A75D6461E75655100AD92C5 /* Sources */,
				6A75D6471E75655100AD92C5 /* Frameworks */,
				6A75D6481E75655100AD92C5 /* Resources */,
			);
			buildRules = (
			);
			dependencies = (
			);
			name = Plugee;
			productName = Plugee;
			productReference = 6A75D64A1E75655100AD92C5 /* Plugee.app */;
			productType = "com.apple.product-type.application";
		};
/* End PBXNativeTarget section */

/* Begin PBXProject section */
		6A75D6421E75655100AD92C5 /* Project object */ = {
			isa = PBXProject;
			attributes = {
				LastSwiftUpdateCheck = 0820;
				LastUpgradeCheck = 0820;
				ORGANIZATIONNAME = Wathis;
				TargetAttributes = {
					6A75D6491E75655100AD92C5 = {
						CreatedOnToolsVersion = 8.2.1;
						DevelopmentTeam = R4Q4T5UMG8;
						ProvisioningStyle = Automatic;
					};
				};
			};
			buildConfigurationList = 6A75D6451E75655100AD92C5 /* Build configuration list for PBXProject "Plugee" */;
			compatibilityVersion = "Xcode 3.2";
			developmentRegion = English;
			hasScannedForEncodings = 0;
			knownRegions = (
				en,
				Base,
			);
			mainGroup = 6A75D6411E75655100AD92C5;
			productRefGroup = 6A75D64B1E75655100AD92C5 /* Products */;
			projectDirPath = "";
			projectRoot = "";
			targets = (
				6A75D6491E75655100AD92C5 /* Plugee */,
			);
		};
/* End PBXProject section */

/* Begin PBXResourcesBuildPhase section */
		6A75D6481E75655100AD92C5 /* Resources */ = {
			isa = PBXResourcesBuildPhase;
			buildActionMask = 2147483647;
			files = (
				6A75D6581E75655100AD92C5 /* LaunchScreen.storyboard in Resources */,
				6A75D6551E75655100AD92C5 /* Assets.xcassets in Resources */,
			);
			runOnlyForDeploymentPostprocessing = 0;
		};
/* End PBXResourcesBuildPhase section */

/* Begin PBXSourcesBuildPhase section */
		6A75D6461E75655100AD92C5 /* Sources */ = {
			isa = PBXSourcesBuildPhase;
			buildActionMask = 2147483647;
			files = (
				6A3599DE1E7D7DB400D313DE /* Extension+Protocoles.swift in Sources */,
				6A3599E61E7DC65C00D313DE /* addPlugController.swift in Sources */,
				6A3599E41E7DA6C100D313DE /* Structures.swift in Sources */,
				6AE2972B1E7864D30057F6EE /* HomeController.swift in Sources */,
				6A3599D81E7D700200D313DE /* TopController.swift in Sources */,
				6A3599D41E7D6CD400D313DE /* TabBarController.swift in Sources */,
				6A75D64E1E75655100AD92C5 /* AppDelegate.swift in Sources */,
				6A2C7A6B1E7ED05700E3FB0C /* viewerController.swift in Sources */,
				6A292EE51E79F73400A1BDFB /* SectionsCell.swift in Sources */,
				6A3599E21E7D88D300D313DE /* PlugsCell.swift in Sources */,
				6A952B0D1E7B0524004FAE96 /* addTheme+SectionController.swift in Sources */,
				6A3599E01E7D856D00D313DE /* PlugsController.swift in Sources */,
				6A952B0F1E7B0871004FAE96 /* myViews.swift in Sources */,
				6A3599D61E7D6FE900D313DE /* NewsController.swift in Sources */,
				6AFA8F501E789959001A84D3 /* ThemeCell.swift in Sources */,
				6A292EE31E79E52000A1BDFB /* SectionsController.swift in Sources */,
			);
			runOnlyForDeploymentPostprocessing = 0;
		};
/* End PBXSourcesBuildPhase section */

/* Begin PBXVariantGroup section */
		6A75D6561E75655100AD92C5 /* LaunchScreen.storyboard */ = {
			isa = PBXVariantGroup;
			children = (
				6A75D6571E75655100AD92C5 /* Base */,
			);
			name = LaunchScreen.storyboard;
			sourceTree = "<group>";
		};
/* End PBXVariantGroup section */

/* Begin XCBuildConfiguration section */
		6A75D65A1E75655100AD92C5 /* Debug */ = {
			isa = XCBuildConfiguration;
			buildSettings = {
				ALWAYS_SEARCH_USER_PATHS = NO;
				CLANG_ANALYZER_NONNULL = YES;
				CLANG_CXX_LANGUAGE_STANDARD = "gnu++0x";
				CLANG_CXX_LIBRARY = "libc++";
				CLANG_ENABLE_MODULES = YES;
				CLANG_ENABLE_OBJC_ARC = YES;
				CLANG_WARN_BOOL_CONVERSION = YES;
				CLANG_WARN_CONSTANT_CONVERSION = YES;
				CLANG_WARN_DIRECT_OBJC_ISA_USAGE = YES_ERROR;
				CLANG_WARN_DOCUMENTATION_COMMENTS = YES;
				CLANG_WARN_EMPTY_BODY = YES;
				CLANG_WARN_ENUM_CONVERSION = YES;
				CLANG_WARN_INFINITE_RECURSION = YES;
				CLANG_WARN_INT_CONVERSION = YES;
				CLANG_WARN_OBJC_ROOT_CLASS = YES_ERROR;
				CLANG_WARN_SUSPICIOUS_MOVE = YES;
				CLANG_WARN_UNREACHABLE_CODE = YES;
				CLANG_WARN__DUPLICATE_METHOD_MATCH = YES;
				"CODE_SIGN_IDENTITY[sdk=iphoneos*]" = "iPhone Developer";
				COPY_PHASE_STRIP = NO;
				DEBUG_INFORMATION_FORMAT = dwarf;
				ENABLE_STRICT_OBJC_MSGSEND = YES;
				ENABLE_TESTABILITY = YES;
				GCC_C_LANGUAGE_STANDARD = gnu99;
				GCC_DYNAMIC_NO_PIC = NO;
				GCC_NO_COMMON_BLOCKS = YES;
				GCC_OPTIMIZATION_LEVEL = 0;
				GCC_PREPROCESSOR_DEFINITIONS = (
					"DEBUG=1",
					"$(inherited)",
				);
				GCC_WARN_64_TO_32_BIT_CONVERSION = YES;
				GCC_WARN_ABOUT_RETURN_TYPE = YES_ERROR;
				GCC_WARN_UNDECLARED_SELECTOR = YES;
				GCC_WARN_UNINITIALIZED_AUTOS = YES_AGGRESSIVE;
				GCC_WARN_UNUSED_FUNCTION = YES;
				GCC_WARN_UNUSED_VARIABLE = YES;
				IPHONEOS_DEPLOYMENT_TARGET = 10.2;
				MTL_ENABLE_DEBUG_INFO = YES;
				ONLY_ACTIVE_ARCH = YES;
				SDKROOT = iphoneos;
				SWIFT_ACTIVE_COMPILATION_CONDITIONS = DEBUG;
				SWIFT_OPTIMIZATION_LEVEL = "-Onone";
				TARGETED_DEVICE_FAMILY = "1,2";
			};
			name = Debug;
		};
		6A75D65B1E75655100AD92C5 /* Release */ = {
			isa = XCBuildConfiguration;
			buildSettings = {
				ALWAYS_SEARCH_USER_PATHS = NO;
				CLANG_ANALYZER_NONNULL = YES;
				CLANG_CXX_LANGUAGE_STANDARD = "gnu++0x";
				CLANG_CXX_LIBRARY = "libc++";
				CLANG_ENABLE_MODULES = YES;
				CLANG_ENABLE_OBJC_ARC = YES;
				CLANG_WARN_BOOL_CONVERSION = YES;
				CLANG_WARN_CONSTANT_CONVERSION = YES;
				CLANG_WARN_DIRECT_OBJC_ISA_USAGE = YES_ERROR;
				CLANG_WARN_DOCUMENTATION_COMMENTS = YES;
				CLANG_WARN_EMPTY_BODY = YES;
				CLANG_WARN_ENUM_CONVERSION = YES;
				CLANG_WARN_INFINITE_RECURSION = YES;
				CLANG_WARN_INT_CONVERSION = YES;
				CLANG_WARN_OBJC_ROOT_CLASS = YES_ERROR;
				CLANG_WARN_SUSPICIOUS_MOVE = YES;
				CLANG_WARN_UNREACHABLE_CODE = YES;
				CLANG_WARN__DUPLICATE_METHOD_MATCH = YES;
				"CODE_SIGN_IDENTITY[sdk=iphoneos*]" = "iPhone Developer";
				COPY_PHASE_STRIP = NO;
				DEBUG_INFORMATION_FORMAT = "dwarf-with-dsym";
				ENABLE_NS_ASSERTIONS = NO;
				ENABLE_STRICT_OBJC_MSGSEND = YES;
				GCC_C_LANGUAGE_STANDARD = gnu99;
				GCC_NO_COMMON_BLOCKS = YES;
				GCC_WARN_64_TO_32_BIT_CONVERSION = YES;
				GCC_WARN_ABOUT_RETURN_TYPE = YES_ERROR;
				GCC_WARN_UNDECLARED_SELECTOR = YES;
				GCC_WARN_UNINITIALIZED_AUTOS = YES_AGGRESSIVE;
				GCC_WARN_UNUSED_FUNCTION = YES;
				GCC_WARN_UNUSED_VARIABLE = YES;
				IPHONEOS_DEPLOYMENT_TARGET = 10.2;
				MTL_ENABLE_DEBUG_INFO = NO;
				SDKROOT = iphoneos;
				SWIFT_OPTIMIZATION_LEVEL = "-Owholemodule";
				TARGETED_DEVICE_FAMILY = "1,2";
				VALIDATE_PRODUCT = YES;
			};
			name = Release;
		};
		6A75D65D1E75655100AD92C5 /* Debug */ = {
			isa = XCBuildConfiguration;
			buildSettings = {
				ASSETCATALOG_COMPILER_APPICON_NAME = AppIcon;
				DEVELOPMENT_TEAM = R4Q4T5UMG8;
				INFOPLIST_FILE = Plugee/Info.plist;
				IPHONEOS_DEPLOYMENT_TARGET = 10.2;
				LD_RUNPATH_SEARCH_PATHS = "$(inherited) @executable_path/Frameworks";
				PRODUCT_BUNDLE_IDENTIFIER = com.wathis.Plugee;
				PRODUCT_NAME = "$(TARGET_NAME)";
				SWIFT_VERSION = 3.0;
			};
			name = Debug;
		};
		6A75D65E1E75655100AD92C5 /* Release */ = {
			isa = XCBuildConfiguration;
			buildSettings = {
				ASSETCATALOG_COMPILER_APPICON_NAME = AppIcon;
				DEVELOPMENT_TEAM = R4Q4T5UMG8;
				INFOPLIST_FILE = Plugee/Info.plist;
				IPHONEOS_DEPLOYMENT_TARGET = 10.2;
				LD_RUNPATH_SEARCH_PATHS = "$(inherited) @executable_path/Frameworks";
				PRODUCT_BUNDLE_IDENTIFIER = com.wathis.Plugee;
				PRODUCT_NAME = "$(TARGET_NAME)";
				SWIFT_VERSION = 3.0;
			};
			name = Release;
		};
/* End XCBuildConfiguration section */

/* Begin XCConfigurationList section */
		6A75D6451E75655100AD92C5 /* Build configuration list for PBXProject "Plugee" */ = {
			isa = XCConfigurationList;
			buildConfigurations = (
				6A75D65A1E75655100AD92C5 /* Debug */,
				6A75D65B1E75655100AD92C5 /* Release */,
			);
			defaultConfigurationIsVisible = 0;
			defaultConfigurationName = Release;
		};
		6A75D65C1E75655100AD92C5 /* Build configuration list for PBXNativeTarget "Plugee" */ = {
			isa = XCConfigurationList;
			buildConfigurations = (
				6A75D65D1E75655100AD92C5 /* Debug */,
				6A75D65E1E75655100AD92C5 /* Release */,
			);
			defaultConfigurationIsVisible = 0;
			defaultConfigurationName = Release;
		};
/* End XCConfigurationList section */
	};
	rootObject = 6A75D6421E75655100AD92C5 /* Project object */;
}
